
Microsoft Visual Studio Solution File, Format Version 12.00
# Visual Studio Version 17
VisualStudioVersion = 17.8.34330.188
MinimumVisualStudioVersion = 10.0.40219.1
Project("{9A19103F-16F7-4668-BE54-9A1E7A4F7556}") = "Tinkoff-telegramm", "Tinkoff-telegramm\Tinkoff-telegramm.csproj", "{12BA921B-72D2-4FAF-8B6C-5778CB52540A}"
EndProject
Project("{9A19103F-16F7-4668-BE54-9A1E7A4F7556}") = "TinkoffInvestLibSandbox", "TinkoffInvestLib\TinkoffInvestLibSandbox.csproj", "{C55B814E-6F13-4A41-892A-69F46239060A}"
EndProject
Project("{9A19103F-16F7-4668-BE54-9A1E7A4F7556}") = "TinkoffInvestSandbox", "TinkoffInvestSandbox\TinkoffInvestSandbox.csproj", "{40BBBA4E-5C5C-4344-888A-5D982AD075A4}"
EndProject
Global
	GlobalSection(SolutionConfigurationPlatforms) = preSolution
		Debug|Any CPU = Debug|Any CPU
		Release|Any CPU = Release|Any CPU
	EndGlobalSection
	GlobalSection(ProjectConfigurationPlatforms) = postSolution
		{12BA921B-72D2-4FAF-8B6C-5778CB52540A}.Debug|Any CPU.ActiveCfg = Debug|Any CPU
		{12BA921B-72D2-4FAF-8B6C-5778CB52540A}.Debug|Any CPU.Build.0 = Debug|Any CPU
		{12BA921B-72D2-4FAF-8B6C-5778CB52540A}.Release|Any CPU.ActiveCfg = Release|Any CPU
		{12BA921B-72D2-4FAF-8B6C-5778CB52540A}.Release|Any CPU.Build.0 = Release|Any CPU
		{C55B814E-6F13-4A41-892A-69F46239060A}.Debug|Any CPU.ActiveCfg = Debug|Any CPU
		{C55B814E-6F13-4A41-892A-69F46239060A}.Debug|Any CPU.Build.0 = Debug|Any CPU
		{C55B814E-6F13-4A41-892A-69F46239060A}.Release|Any CPU.ActiveCfg = Release|Any CPU
		{C55B814E-6F13-4A41-892A-69F46239060A}.Release|Any CPU.Build.0 = Release|Any CPU
		{40BBBA4E-5C5C-4344-888A-5D982AD075A4}.Debug|Any CPU.ActiveCfg = Debug|Any CPU
		{40BBBA4E-5C5C-4344-888A-5D982AD075A4}.Debug|Any CPU.Build.0 = Debug|Any CPU
		{40BBBA4E-5C5C-4344-888A-5D982AD075A4}.Release|Any CPU.ActiveCfg = Release|Any CPU
		{40BBBA4E-5C5C-4344-888A-5D982AD075A4}.Release|Any CPU.Build.0 = Release|Any CPU
	EndGlobalSection
	GlobalSection(SolutionProperties) = preSolution
		HideSolutionNode = FALSE
	EndGlobalSection
	GlobalSection(ExtensibilityGlobals) = postSolution
		SolutionGuid = {7EF4DFC0-4186-43C1-BAAA-4C64210B75D8}
	EndGlobalSection
EndGlobal
